
Microsoft Visual Studio Solution File, Format Version 12.00
Project("{FAE04EC0-301F-11D3-BF4B-00C04F79EFBC}") = "FileTreeHierarhy", "FileTreeHierarhy\FileTreeHierarhy.csproj", "{A5DEB99D-A595-4FD1-AF11-003F927F4098}"
EndProject
Project("{2150E333-8FDC-42A3-9474-1A3956D46DE8}") = "PDFManager", "PDFManager", "{49BB7AFD-95D9-45A7-837A-6842BEEA8FF5}"
EndProject
Project("{FAE04EC0-301F-11D3-BF4B-00C04F79EFBC}") = "PDFManagerExperimensApp", "PdfManager\PDFManagerExperimensApp\PDFManagerExperimensApp.csproj", "{F74CF75F-00E2-4D01-9DCA-9482F31D9EE1}"
EndProject
Global
	GlobalSection(SolutionConfigurationPlatforms) = preSolution
		Debug|Any CPU = Debug|Any CPU
		Release|Any CPU = Release|Any CPU
	EndGlobalSection
	GlobalSection(ProjectConfigurationPlatforms) = postSolution
		{A5DEB99D-A595-4FD1-AF11-003F927F4098}.Debug|Any CPU.ActiveCfg = Debug|Any CPU
		{A5DEB99D-A595-4FD1-AF11-003F927F4098}.Debug|Any CPU.Build.0 = Debug|Any CPU
		{A5DEB99D-A595-4FD1-AF11-003F927F4098}.Release|Any CPU.ActiveCfg = Release|Any CPU
		{A5DEB99D-A595-4FD1-AF11-003F927F4098}.Release|Any CPU.Build.0 = Release|Any CPU
		{F74CF75F-00E2-4D01-9DCA-9482F31D9EE1}.Debug|Any CPU.ActiveCfg = Debug|Any CPU
		{F74CF75F-00E2-4D01-9DCA-9482F31D9EE1}.Debug|Any CPU.Build.0 = Debug|Any CPU
		{F74CF75F-00E2-4D01-9DCA-9482F31D9EE1}.Release|Any CPU.ActiveCfg = Release|Any CPU
		{F74CF75F-00E2-4D01-9DCA-9482F31D9EE1}.Release|Any CPU.Build.0 = Release|Any CPU
	EndGlobalSection
	GlobalSection(NestedProjects) = preSolution
		{F74CF75F-00E2-4D01-9DCA-9482F31D9EE1} = {49BB7AFD-95D9-45A7-837A-6842BEEA8FF5}
	EndGlobalSection
EndGlobal
