
Microsoft Visual Studio Solution File, Format Version 12.00
Project("{FAE04EC0-301F-11D3-BF4B-00C04F79EFBC}") = "FileTreeHierarhy", "FileTreeHierarhy\FileTreeHierarhy.csproj", "{A5DEB99D-A595-4FD1-AF11-003F927F4098}"
EndProject
Project("{2150E333-8FDC-42A3-9474-1A3956D46DE8}") = "PDFManager", "PDFManager", "{49BB7AFD-95D9-45A7-837A-6842BEEA8FF5}"
EndProject
Project("{FAE04EC0-301F-11D3-BF4B-00C04F79EFBC}") = "PdfManagerApp.Playground", "PdfManager\PdfManagerApp.Playground\PdfManagerApp.Playground.csproj", "{F74CF75F-00E2-4D01-9DCA-9482F31D9EE1}"
EndProject
Project("{FAE04EC0-301F-11D3-BF4B-00C04F79EFBC}") = "PdfManagerApp", "PdfManager\PdfManagerApp\PdfManagerApp.csproj", "{BA788AC5-EF57-4B18-B732-F8F25E34131F}"
EndProject
Project("{FAE04EC0-301F-11D3-BF4B-00C04F79EFBC}") = "PdfManagerApp.Infrastructure", "PdfManager\PdfManagerApp.Infrastructure\PdfManagerApp.Infrastructure.csproj", "{FBCA49E5-F17D-4F2F-A433-27BAF011BB2E}"
EndProject
Project("{FAE04EC0-301F-11D3-BF4B-00C04F79EFBC}") = "PdfManagerApp.Domain", "PdfManager\PdfManagerApp.Domain\PdfManagerApp.Domain.csproj", "{8E780203-ADBC-4FD7-B6DA-CECD5A745A89}"
EndProject
Project("{FAE04EC0-301F-11D3-BF4B-00C04F79EFBC}") = "PdfManagerApp.ViewModels", "PdfManager\PdfManagerApp.ViewModels\PdfManagerApp.ViewModels.csproj", "{EFC25661-B67E-4EA1-A8BD-3AAC25A69172}"
EndProject
Project("{FAE04EC0-301F-11D3-BF4B-00C04F79EFBC}") = "PdfManagerApp.Converters", "PdfManager\PdfManagerApp.Converters\PdfManagerApp.Converters.csproj", "{EB229144-7FB6-4FC1-83E6-7C7541C642EB}"
EndProject
Global
	GlobalSection(SolutionConfigurationPlatforms) = preSolution
		Debug|Any CPU = Debug|Any CPU
		Release|Any CPU = Release|Any CPU
	EndGlobalSection
	GlobalSection(ProjectConfigurationPlatforms) = postSolution
		{A5DEB99D-A595-4FD1-AF11-003F927F4098}.Debug|Any CPU.ActiveCfg = Debug|Any CPU
		{A5DEB99D-A595-4FD1-AF11-003F927F4098}.Debug|Any CPU.Build.0 = Debug|Any CPU
		{A5DEB99D-A595-4FD1-AF11-003F927F4098}.Release|Any CPU.ActiveCfg = Release|Any CPU
		{A5DEB99D-A595-4FD1-AF11-003F927F4098}.Release|Any CPU.Build.0 = Release|Any CPU
		{F74CF75F-00E2-4D01-9DCA-9482F31D9EE1}.Debug|Any CPU.ActiveCfg = Debug|Any CPU
		{F74CF75F-00E2-4D01-9DCA-9482F31D9EE1}.Debug|Any CPU.Build.0 = Debug|Any CPU
		{F74CF75F-00E2-4D01-9DCA-9482F31D9EE1}.Release|Any CPU.ActiveCfg = Release|Any CPU
		{F74CF75F-00E2-4D01-9DCA-9482F31D9EE1}.Release|Any CPU.Build.0 = Release|Any CPU
		{BA788AC5-EF57-4B18-B732-F8F25E34131F}.Debug|Any CPU.ActiveCfg = Debug|Any CPU
		{BA788AC5-EF57-4B18-B732-F8F25E34131F}.Debug|Any CPU.Build.0 = Debug|Any CPU
		{BA788AC5-EF57-4B18-B732-F8F25E34131F}.Release|Any CPU.ActiveCfg = Release|Any CPU
		{BA788AC5-EF57-4B18-B732-F8F25E34131F}.Release|Any CPU.Build.0 = Release|Any CPU
		{FBCA49E5-F17D-4F2F-A433-27BAF011BB2E}.Debug|Any CPU.ActiveCfg = Debug|Any CPU
		{FBCA49E5-F17D-4F2F-A433-27BAF011BB2E}.Debug|Any CPU.Build.0 = Debug|Any CPU
		{FBCA49E5-F17D-4F2F-A433-27BAF011BB2E}.Release|Any CPU.ActiveCfg = Release|Any CPU
		{FBCA49E5-F17D-4F2F-A433-27BAF011BB2E}.Release|Any CPU.Build.0 = Release|Any CPU
		{8E780203-ADBC-4FD7-B6DA-CECD5A745A89}.Debug|Any CPU.ActiveCfg = Debug|Any CPU
		{8E780203-ADBC-4FD7-B6DA-CECD5A745A89}.Debug|Any CPU.Build.0 = Debug|Any CPU
		{8E780203-ADBC-4FD7-B6DA-CECD5A745A89}.Release|Any CPU.ActiveCfg = Release|Any CPU
		{8E780203-ADBC-4FD7-B6DA-CECD5A745A89}.Release|Any CPU.Build.0 = Release|Any CPU
		{EFC25661-B67E-4EA1-A8BD-3AAC25A69172}.Debug|Any CPU.ActiveCfg = Debug|Any CPU
		{EFC25661-B67E-4EA1-A8BD-3AAC25A69172}.Debug|Any CPU.Build.0 = Debug|Any CPU
		{EFC25661-B67E-4EA1-A8BD-3AAC25A69172}.Release|Any CPU.ActiveCfg = Release|Any CPU
		{EFC25661-B67E-4EA1-A8BD-3AAC25A69172}.Release|Any CPU.Build.0 = Release|Any CPU
		{EB229144-7FB6-4FC1-83E6-7C7541C642EB}.Debug|Any CPU.ActiveCfg = Debug|Any CPU
		{EB229144-7FB6-4FC1-83E6-7C7541C642EB}.Debug|Any CPU.Build.0 = Debug|Any CPU
		{EB229144-7FB6-4FC1-83E6-7C7541C642EB}.Release|Any CPU.ActiveCfg = Release|Any CPU
		{EB229144-7FB6-4FC1-83E6-7C7541C642EB}.Release|Any CPU.Build.0 = Release|Any CPU
	EndGlobalSection
	GlobalSection(NestedProjects) = preSolution
		{F74CF75F-00E2-4D01-9DCA-9482F31D9EE1} = {49BB7AFD-95D9-45A7-837A-6842BEEA8FF5}
		{BA788AC5-EF57-4B18-B732-F8F25E34131F} = {49BB7AFD-95D9-45A7-837A-6842BEEA8FF5}
		{FBCA49E5-F17D-4F2F-A433-27BAF011BB2E} = {49BB7AFD-95D9-45A7-837A-6842BEEA8FF5}
		{8E780203-ADBC-4FD7-B6DA-CECD5A745A89} = {49BB7AFD-95D9-45A7-837A-6842BEEA8FF5}
		{EFC25661-B67E-4EA1-A8BD-3AAC25A69172} = {49BB7AFD-95D9-45A7-837A-6842BEEA8FF5}
		{EB229144-7FB6-4FC1-83E6-7C7541C642EB} = {49BB7AFD-95D9-45A7-837A-6842BEEA8FF5}
	EndGlobalSection
EndGlobal
